
Microsoft Visual Studio Solution File, Format Version 12.00
# Visual Studio Version 17
VisualStudioVersion = 17.11.35219.272
MinimumVisualStudioVersion = 10.0.40219.1
Project("{FAE04EC0-301F-11D3-BF4B-00C04F79EFBC}") = "DSchiefer-Lab-4-State-Library", "DSchiefer-Lab-4-State-Library.csproj", "{31F1635B-9B94-4600-A503-F0998F68E583}"
EndProject
Global
	GlobalSection(SolutionConfigurationPlatforms) = preSolution
		Debug|Any CPU = Debug|Any CPU
		Release|Any CPU = Release|Any CPU
	EndGlobalSection
	GlobalSection(ProjectConfigurationPlatforms) = postSolution
		{31F1635B-9B94-4600-A503-F0998F68E583}.Debug|Any CPU.ActiveCfg = Debug|Any CPU
		{31F1635B-9B94-4600-A503-F0998F68E583}.Debug|Any CPU.Build.0 = Debug|Any CPU
		{31F1635B-9B94-4600-A503-F0998F68E583}.Release|Any CPU.ActiveCfg = Release|Any CPU
		{31F1635B-9B94-4600-A503-F0998F68E583}.Release|Any CPU.Build.0 = Release|Any CPU
	EndGlobalSection
	GlobalSection(SolutionProperties) = preSolution
		HideSolutionNode = FALSE
	EndGlobalSection
	GlobalSection(ExtensibilityGlobals) = postSolution
		SolutionGuid = {AB7AA424-D5CE-4624-9BED-FECE8E7ED55A}
	EndGlobalSection
EndGlobal
